// !$*UTF8*$!
{
	archiveVersion = 1;
	classes = {
	};
	objectVersion = 46;
	objects = {

/* Begin PBXBuildFile section */
		133997E61EF3A13600232F19 /* AppDelegate.swift in Sources */ = {isa = PBXBuildFile; fileRef = 133997E51EF3A13600232F19 /* AppDelegate.swift */; };
		133997E81EF3A13600232F19 /* ViewController.swift in Sources */ = {isa = PBXBuildFile; fileRef = 133997E71EF3A13600232F19 /* ViewController.swift */; };
		133997EB1EF3A13600232F19 /* Main.storyboard in Resources */ = {isa = PBXBuildFile; fileRef = 133997E91EF3A13600232F19 /* Main.storyboard */; };
		133997ED1EF3A13600232F19 /* Assets.xcassets in Resources */ = {isa = PBXBuildFile; fileRef = 133997EC1EF3A13600232F19 /* Assets.xcassets */; };
		133997F01EF3A13600232F19 /* LaunchScreen.storyboard in Resources */ = {isa = PBXBuildFile; fileRef = 133997EE1EF3A13600232F19 /* LaunchScreen.storyboard */; };
/* End PBXBuildFile section */

/* Begin PBXFileReference section */
		133997E21EF3A13600232F19 /* ApplePayDemo.app */ = {isa = PBXFileReference; explicitFileType = wrapper.application; includeInIndex = 0; path = ApplePayDemo.app; sourceTree = BUILT_PRODUCTS_DIR; };
		133997E51EF3A13600232F19 /* AppDelegate.swift */ = {isa = PBXFileReference; lastKnownFileType = sourcecode.swift; path = AppDelegate.swift; sourceTree = "<group>"; };
		133997E71EF3A13600232F19 /* ViewController.swift */ = {isa = PBXFileReference; lastKnownFileType = sourcecode.swift; path = ViewController.swift; sourceTree = "<group>"; };
		133997EA1EF3A13600232F19 /* Base */ = {isa = PBXFileReference; lastKnownFileType = file.storyboard; name = Base; path = Base.lproj/Main.storyboard; sourceTree = "<group>"; };
		133997EC1EF3A13600232F19 /* Assets.xcassets */ = {isa = PBXFileReference; lastKnownFileType = folder.assetcatalog; path = Assets.xcassets; sourceTree = "<group>"; };
		133997EF1EF3A13600232F19 /* Base */ = {isa = PBXFileReference; lastKnownFileType = file.storyboard; name = Base; path = Base.lproj/LaunchScreen.storyboard; sourceTree = "<group>"; };
		133997F11EF3A13600232F19 /* Info.plist */ = {isa = PBXFileReference; lastKnownFileType = text.plist.xml; path = Info.plist; sourceTree = "<group>"; };
/* End PBXFileReference section */

/* Begin PBXFrameworksBuildPhase section */
		133997DF1EF3A13600232F19 /* Frameworks */ = {
			isa = PBXFrameworksBuildPhase;
			buildActionMask = 2147483647;
			files = (
			);
			runOnlyForDeploymentPostprocessing = 0;
		};
/* End PBXFrameworksBuildPhase section */

/* Begin PBXGroup section */
		133997D91EF3A13600232F19 = {
			isa = PBXGroup;
			children = (
				133997E41EF3A13600232F19 /* ApplePayDemo */,
				133997E31EF3A13600232F19 /* Products */,
			);
			sourceTree = "<group>";
		};
		133997E31EF3A13600232F19 /* Products */ = {
			isa = PBXGroup;
			children = (
				133997E21EF3A13600232F19 /* ApplePayDemo.app */,
			);
			name = Products;
			sourceTree = "<group>";
		};
		133997E41EF3A13600232F19 /* ApplePayDemo */ = {
			isa = PBXGroup;
			children = (
				133997E51EF3A13600232F19 /* AppDelegate.swift */,
				133997E71EF3A13600232F19 /* ViewController.swift */,
				133997E91EF3A13600232F19 /* Main.storyboard */,
				133997EC1EF3A13600232F19 /* Assets.xcassets */,
				133997EE1EF3A13600232F19 /* LaunchScreen.storyboard */,
				133997F11EF3A13600232F19 /* Info.plist */,
			);
			path = ApplePayDemo;
			sourceTree = "<group>";
		};
/* End PBXGroup section */

/* Begin PBXNativeTarget section */
		133997E11EF3A13600232F19 /* ApplePayDemo */ = {
			isa = PBXNativeTarget;
			buildConfigurationList = 133997F41EF3A13600232F19 /* Build configuration list for PBXNativeTarget "ApplePayDemo" */;
			buildPhases = (
				133997DE1EF3A13600232F19 /* Sources */,
				133997DF1EF3A13600232F19 /* Frameworks */,
				133997E01EF3A13600232F19 /* Resources */,
			);
			buildRules = (
			);
			dependencies = (
			);
			name = ApplePayDemo;
			productName = ApplePayDemo;
			productReference = 133997E21EF3A13600232F19 /* ApplePayDemo.app */;
			productType = "com.apple.product-type.application";
		};
/* End PBXNativeTarget section */

/* Begin PBXProject section */
		133997DA1EF3A13600232F19 /* Project object */ = {
			isa = PBXProject;
			attributes = {
				LastSwiftUpdateCheck = 0830;
				LastUpgradeCheck = 0830;
				ORGANIZATIONNAME = "Vikash Kumar";
				TargetAttributes = {
					133997E11EF3A13600232F19 = {
						CreatedOnToolsVersion = 8.3.3;
						DevelopmentTeam = RF7N2574KF;
						ProvisioningStyle = Automatic;
					};
				};
			};
			buildConfigurationList = 133997DD1EF3A13600232F19 /* Build configuration list for PBXProject "ApplePayDemo" */;
			compatibilityVersion = "Xcode 3.2";
			developmentRegion = English;
			hasScannedForEncodings = 0;
			knownRegions = (
				en,
				Base,
			);
			mainGroup = 133997D91EF3A13600232F19;
			productRefGroup = 133997E31EF3A13600232F19 /* Products */;
			projectDirPath = "";
			projectRoot = "";
			targets = (
				133997E11EF3A13600232F19 /* ApplePayDemo */,
			);
		};
/* End PBXProject section */

/* Begin PBXResourcesBuildPhase section */
		133997E01EF3A13600232F19 /* Resources */ = {
			isa = PBXResourcesBuildPhase;
			buildActionMask = 2147483647;
			files = (
				133997F01EF3A13600232F19 /* LaunchScreen.storyboard in Resources */,
				133997ED1EF3A13600232F19 /* Assets.xcassets in Resources */,
				133997EB1EF3A13600232F19 /* Main.storyboard in Resources */,
			);
			runOnlyForDeploymentPostprocessing = 0;
		};
/* End PBXResourcesBuildPhase section */

/* Begin PBXSourcesBuildPhase section */
		133997DE1EF3A13600232F19 /* Sources */ = {
			isa = PBXSourcesBuildPhase;
			buildActionMask = 2147483647;
			files = (
				133997E81EF3A13600232F19 /* ViewController.swift in Sources */,
				133997E61EF3A13600232F19 /* AppDelegate.swift in Sources */,
			);
			runOnlyForDeploymentPostprocessing = 0;
		};
/* End PBXSourcesBuildPhase section */

/* Begin PBXVariantGroup section */
		133997E91EF3A13600232F19 /* Main.storyboard */ = {
			isa = PBXVariantGroup;
			children = (
				133997EA1EF3A13600232F19 /* Base */,
			);
			name = Main.storyboard;
			sourceTree = "<group>";
		};
		133997EE1EF3A13600232F19 /* LaunchScreen.storyboard */ = {
			isa = PBXVariantGroup;
			children = (
				133997EF1EF3A13600232F19 /* Base */,
			);
			name = LaunchScreen.storyboard;
			sourceTree = "<group>";
		};
/* End PBXVariantGroup section */

/* Begin XCBuildConfiguration section */
		133997F21EF3A13600232F19 /* Debug */ = {
			isa = XCBuildConfiguration;
			buildSettings = {
				ALWAYS_SEARCH_USER_PATHS = NO;
				CLANG_ANALYZER_NONNULL = YES;
				CLANG_ANALYZER_NUMBER_OBJECT_CONVERSION = YES_AGGRESSIVE;
				CLANG_CXX_LANGUAGE_STANDARD = "gnu++0x";
				CLANG_CXX_LIBRARY = "libc++";
				CLANG_ENABLE_MODULES = YES;
				CLANG_ENABLE_OBJC_ARC = YES;
				CLANG_WARN_BOOL_CONVERSION = YES;
				CLANG_WARN_CONSTANT_CONVERSION = YES;
				CLANG_WARN_DIRECT_OBJC_ISA_USAGE = YES_ERROR;
				CLANG_WARN_DOCUMENTATION_COMMENTS = YES;
				CLANG_WARN_EMPTY_BODY = YES;
				CLANG_WARN_ENUM_CONVERSION = YES;
				CLANG_WARN_INFINITE_RECURSION = YES;
				CLANG_WARN_INT_CONVERSION = YES;
				CLANG_WARN_OBJC_ROOT_CLASS = YES_ERROR;
				CLANG_WARN_SUSPICIOUS_MOVE = YES;
				CLANG_WARN_UNREACHABLE_CODE = YES;
				CLANG_WARN__DUPLICATE_METHOD_MATCH = YES;
				"CODE_SIGN_IDENTITY[sdk=iphoneos*]" = "iPhone Developer";
				COPY_PHASE_STRIP = NO;
				DEBUG_INFORMATION_FORMAT = dwarf;
				ENABLE_STRICT_OBJC_MSGSEND = YES;
				ENABLE_TESTABILITY = YES;
				GCC_C_LANGUAGE_STANDARD = gnu99;
				GCC_DYNAMIC_NO_PIC = NO;
				GCC_NO_COMMON_BLOCKS = YES;
				GCC_OPTIMIZATION_LEVEL = 0;
				GCC_PREPROCESSOR_DEFINITIONS = (
					"DEBUG=1",
					"$(inherited)",
				);
				GCC_WARN_64_TO_32_BIT_CONVERSION = YES;
				GCC_WARN_ABOUT_RETURN_TYPE = YES_ERROR;
				GCC_WARN_UNDECLARED_SELECTOR = YES;
				GCC_WARN_UNINITIALIZED_AUTOS = YES_AGGRESSIVE;
				GCC_WARN_UNUSED_FUNCTION = YES;
				GCC_WARN_UNUSED_VARIABLE = YES;
				IPHONEOS_DEPLOYMENT_TARGET = 10.3;
				MTL_ENABLE_DEBUG_INFO = YES;
				ONLY_ACTIVE_ARCH = YES;
				SDKROOT = iphoneos;
				SWIFT_ACTIVE_COMPILATION_CONDITIONS = DEBUG;
				SWIFT_OPTIMIZATION_LEVEL = "-Onone";
				TARGETED_DEVICE_FAMILY = "1,2";
			};
			name = Debug;
		};
		133997F31EF3A13600232F19 /* Release */ = {
			isa = XCBuildConfiguration;
			buildSettings = {
				ALWAYS_SEARCH_USER_PATHS = NO;
				CLANG_ANALYZER_NONNULL = YES;
				CLANG_ANALYZER_NUMBER_OBJECT_CONVERSION = YES_AGGRESSIVE;
				CLANG_CXX_LANGUAGE_STANDARD = "gnu++0x";
				CLANG_CXX_LIBRARY = "libc++";
				CLANG_ENABLE_MODULES = YES;
				CLANG_ENABLE_OBJC_ARC = YES;
				CLANG_WARN_BOOL_CONVERSION = YES;
				CLANG_WARN_CONSTANT_CONVERSION = YES;
				CLANG_WARN_DIRECT_OBJC_ISA_USAGE = YES_ERROR;
				CLANG_WARN_DOCUMENTATION_COMMENTS = YES;
				CLANG_WARN_EMPTY_BODY = YES;
				CLANG_WARN_ENUM_CONVERSION = YES;
				CLANG_WARN_INFINITE_RECURSION = YES;
				CLANG_WARN_INT_CONVERSION = YES;
				CLANG_WARN_OBJC_ROOT_CLASS = YES_ERROR;
				CLANG_WARN_SUSPICIOUS_MOVE = YES;
				CLANG_WARN_UNREACHABLE_CODE = YES;
				CLANG_WARN__DUPLICATE_METHOD_MATCH = YES;
				"CODE_SIGN_IDENTITY[sdk=iphoneos*]" = "iPhone Developer";
				COPY_PHASE_STRIP = NO;
				DEBUG_INFORMATION_FORMAT = "dwarf-with-dsym";
				ENABLE_NS_ASSERTIONS = NO;
				ENABLE_STRICT_OBJC_MSGSEND = YES;
				GCC_C_LANGUAGE_STANDARD = gnu99;
				GCC_NO_COMMON_BLOCKS = YES;
				GCC_WARN_64_TO_32_BIT_CONVERSION = YES;
				GCC_WARN_ABOUT_RETURN_TYPE = YES_ERROR;
				GCC_WARN_UNDECLARED_SELECTOR = YES;
				GCC_WARN_UNINITIALIZED_AUTOS = YES_AGGRESSIVE;
				GCC_WARN_UNUSED_FUNCTION = YES;
				GCC_WARN_UNUSED_VARIABLE = YES;
				IPHONEOS_DEPLOYMENT_TARGET = 10.3;
				MTL_ENABLE_DEBUG_INFO = NO;
				SDKROOT = iphoneos;
				SWIFT_OPTIMIZATION_LEVEL = "-Owholemodule";
				TARGETED_DEVICE_FAMILY = "1,2";
				VALIDATE_PRODUCT = YES;
			};
			name = Release;
		};
		133997F51EF3A13600232F19 /* Debug */ = {
			isa = XCBuildConfiguration;
			buildSettings = {
				ASSETCATALOG_COMPILER_APPICON_NAME = AppIcon;
				DEVELOPMENT_TEAM = RF7N2574KF;
				INFOPLIST_FILE = ApplePayDemo/Info.plist;
				LD_RUNPATH_SEARCH_PATHS = "$(inherited) @executable_path/Frameworks";
				PRODUCT_BUNDLE_IDENTIFIER = VKP.ApplePayDemo;
				PRODUCT_NAME = "$(TARGET_NAME)";
				SWIFT_VERSION = 3.0;
			};
			name = Debug;
		};
		133997F61EF3A13600232F19 /* Release */ = {
			isa = XCBuildConfiguration;
			buildSettings = {
				ASSETCATALOG_COMPILER_APPICON_NAME = AppIcon;
				DEVELOPMENT_TEAM = RF7N2574KF;
				INFOPLIST_FILE = ApplePayDemo/Info.plist;
				LD_RUNPATH_SEARCH_PATHS = "$(inherited) @executable_path/Frameworks";
				PRODUCT_BUNDLE_IDENTIFIER = VKP.ApplePayDemo;
				PRODUCT_NAME = "$(TARGET_NAME)";
				SWIFT_VERSION = 3.0;
			};
			name = Release;
		};
/* End XCBuildConfiguration section */

/* Begin XCConfigurationList section */
		133997DD1EF3A13600232F19 /* Build configuration list for PBXProject "ApplePayDemo" */ = {
			isa = XCConfigurationList;
			buildConfigurations = (
				133997F21EF3A13600232F19 /* Debug */,
				133997F31EF3A13600232F19 /* Release */,
			);
			defaultConfigurationIsVisible = 0;
			defaultConfigurationName = Release;
		};
		133997F41EF3A13600232F19 /* Build configuration list for PBXNativeTarget "ApplePayDemo" */ = {
			isa = XCConfigurationList;
			buildConfigurations = (
				133997F51EF3A13600232F19 /* Debug */,
				133997F61EF3A13600232F19 /* Release */,
			);
			defaultConfigurationIsVisible = 0;
		};
/* End XCConfigurationList section */
	};
	rootObject = 133997DA1EF3A13600232F19 /* Project object */;
}
